{
  "name": "apple-tv",
  "version": "0.0.1",
  "lockfileVersion": 2,
  "requires": true,
  "packages": {
    "": {
      "name": "apple-tv",
      "version": "0.0.1",
      "license": "MIT",
      "dependencies": {
        "@fortawesome/fontawesome-free": "^5.15.3",
        "apple-tv-card": "^0.8.1",
        "muuri": "^0.9.4"
      }
    },
    "node_modules/@fortawesome/fontawesome-free": {
      "version": "5.15.3",
      "resolved": "https://npm.fontawesome.com/@fortawesome/fontawesome-free/-/5.15.3/fontawesome-free-5.15.3.tgz",
      "integrity": "sha512-rFnSUN/QOtnOAgqFRooTA3H57JLDm0QEG/jPdk+tLQNL/eWd+Aok8g3qCI+Q1xuDPWpGW/i9JySpJVsq8Q0s9w==",
      "engines": {
        "node": ">=6"
      }
    },
    "node_modules/apple-tv-card": {
      "version": "0.8.1",
      "resolved": "https://registry.npmjs.org/apple-tv-card/-/apple-tv-card-0.8.1.tgz",
      "integrity": "sha512-ncvqc+qn4GPUgakVXYtqP5jgKd2Jml98rxWERUERIvCnT5pEoKb0eFVlsR/oo2aRJIsttN7epJy7Rp2MJyDk0A=="
    },
    "node_modules/muuri": {
      "version": "0.9.4",
      "resolved": "https://registry.npmjs.org/muuri/-/muuri-0.9.4.tgz",
      "integrity": "sha512-QNPQZ8snoGEQiZrbYu/hFa2+qYk2MxZ76pCY98u4uQ9McjyYeQkut7A3pWbPZqyVgd5h1/+MlH7qsiH2pgO/DA=="
    }
  },
  "dependencies": {
    "@fortawesome/fontawesome-free": {
      "version": "5.15.3",
      "resolved": "https://npm.fontawesome.com/@fortawesome/fontawesome-free/-/5.15.3/fontawesome-free-5.15.3.tgz",
      "integrity": "sha512-rFnSUN/QOtnOAgqFRooTA3H57JLDm0QEG/jPdk+tLQNL/eWd+Aok8g3qCI+Q1xuDPWpGW/i9JySpJVsq8Q0s9w=="
    },
    "apple-tv-card": {
      "version": "0.8.1",
      "resolved": "https://registry.npmjs.org/apple-tv-card/-/apple-tv-card-0.8.1.tgz",
      "integrity": "sha512-ncvqc+qn4GPUgakVXYtqP5jgKd2Jml98rxWERUERIvCnT5pEoKb0eFVlsR/oo2aRJIsttN7epJy7Rp2MJyDk0A=="
    },
    "muuri": {
      "version": "0.9.4",
      "resolved": "https://registry.npmjs.org/muuri/-/muuri-0.9.4.tgz",
      "integrity": "sha512-QNPQZ8snoGEQiZrbYu/hFa2+qYk2MxZ76pCY98u4uQ9McjyYeQkut7A3pWbPZqyVgd5h1/+MlH7qsiH2pgO/DA=="
    }
  }
}
